{
  "object": {
    "pins": [
      {
        "package": "Alamofire",
        "repositoryURL": "https://github.com/Alamofire/Alamofire.git",
        "state": {
          "branch": null,
          "revision": "8dd85aee02e39dd280c75eef88ffdb86eed4b07b",
          "version": "5.6.2"
        }
      },
      {
        "package": "AlamofireImage",
        "repositoryURL": "https://github.com/Alamofire/AlamofireImage.git",
        "state": {
          "branch": null,
          "revision": "98cbb00ce0ec5fc8e52a5b50a6bfc08d3e5aee10",
          "version": "4.2.0"
        }
      },
      {
        "package": "AtomicSwift",
        "repositoryURL": "https://github.com/DoubleNodeOpen/AtomicSwift.git",
        "state": {
          "branch": null,
          "revision": "58fbeed795715d9c8dd7bb7ae1c36f37f2827089",
          "version": "1.2.2"
        }
      },
      {
        "package": "DNSCore",
        "repositoryURL": "https://github.com/DoubleNode/DNSCore.git",
        "state": {
          "branch": null,
          "revision": "e16b1ba5eae412f5c5b1ba12ca886674cc9eba0b",
          "version": "1.9.21"
        }
      },
      {
        "package": "DNSCoreThreading",
        "repositoryURL": "https://github.com/DoubleNode/DNSCoreThreading.git",
        "state": {
          "branch": null,
          "revision": "24d5a62110fed06d627e979d1459f10c2b24643d",
          "version": "1.9.0"
        }
      },
      {
        "package": "DNSDataObjects",
        "repositoryURL": "https://github.com/DoubleNode/DNSDataObjects.git",
        "state": {
          "branch": null,
          "revision": "7b943a4d34cbd9ac6df710e4420371508a8330fc",
          "version": "1.9.35"
        }
      },
      {
        "package": "DNSError",
        "repositoryURL": "https://github.com/DoubleNode/DNSError.git",
        "state": {
          "branch": null,
          "revision": "69d99c9f46c35b65764ba7dc85c2a206e1b1e665",
          "version": "1.9.1"
        }
      },
      {
        "package": "Gifu",
        "repositoryURL": "https://github.com/kaishin/Gifu.git",
        "state": {
          "branch": null,
          "revision": "51f2eab32903e336f590c013267cfa4d7f8b06c4",
          "version": "3.3.1"
        }
      },
      {
        "package": "SFSymbol",
        "repositoryURL": "https://github.com/Nirma/SFSymbol",
        "state": {
          "branch": null,
          "revision": "90ec3de89965be4612b496211e1f31a363a1df42",
          "version": "1.1.0"
        }
      },
      {
        "package": "SwiftyBeaver",
        "repositoryURL": "https://github.com/SwiftyBeaver/SwiftyBeaver.git",
        "state": {
          "branch": null,
          "revision": "12b5acf96d98f91d50de447369bd18df74600f1a",
          "version": "1.9.6"
        }
      }
    ]
  },
  "version": 1
}
