{
  "object": {
    "pins": [
      {
        "package": "Alamofire",
        "repositoryURL": "https://github.com/Alamofire/Alamofire.git",
        "state": {
          "branch": null,
          "revision": "f82c23a8a7ef8dc1a49a8bfc6a96883e79121864",
          "version": "5.5.0"
        }
      },
      {
        "package": "AtomicSwift",
        "repositoryURL": "https://github.com/DoubleNodeOpen/AtomicSwift.git",
        "state": {
          "branch": null,
          "revision": "58fbeed795715d9c8dd7bb7ae1c36f37f2827089",
          "version": "1.2.2"
        }
      },
      {
        "package": "DNSCore",
        "repositoryURL": "https://github.com/DoubleNode/DNSCore.git",
        "state": {
          "branch": null,
          "revision": "1042bab091f7bbb4c041a7bcca4b49337d6e69c8",
          "version": "1.6.36"
        }
      },
      {
        "package": "DNSCoreThreading",
        "repositoryURL": "https://github.com/DoubleNode/DNSCoreThreading.git",
        "state": {
          "branch": null,
          "revision": "2552b34bb7bf271503f47af29e0130ff7c2a4ce7",
          "version": "1.6.7"
        }
      },
      {
        "package": "DNSDataObjects",
        "repositoryURL": "https://github.com/DoubleNode/DNSDataObjects.git",
        "state": {
          "branch": null,
          "revision": "124ec568dc7911e3fd0beb16d363d3daa701a57f",
          "version": "1.7.0"
        }
      },
      {
        "package": "DNSError",
        "repositoryURL": "https://github.com/DoubleNode/DNSError.git",
        "state": {
          "branch": null,
          "revision": "606b1986e1b78bb007a82597631ef0b249ce63b8",
          "version": "1.6.0"
        }
      },
      {
        "package": "SFSymbol",
        "repositoryURL": "https://github.com/Nirma/SFSymbol",
        "state": {
          "branch": null,
          "revision": "90ec3de89965be4612b496211e1f31a363a1df42",
          "version": "1.1.0"
        }
      },
      {
        "package": "SwiftyBeaver",
        "repositoryURL": "https://github.com/SwiftyBeaver/SwiftyBeaver.git",
        "state": {
          "branch": null,
          "revision": "2c039501d6eeb4d4cd4aec4a8d884ad28862e044",
          "version": "1.9.5"
        }
      }
    ]
  },
  "version": 1
}
